
Microsoft Visual Studio Solution File, Format Version 12.00
# Visual Studio 14
VisualStudioVersion = 14.0.25123.0
MinimumVisualStudioVersion = 10.0.40219.1
Project("{A07B5EB6-E848-4116-A8D0-A826331D98C6}") = "ReadinessApi", "ReadinessApi\ReadinessApi.sfproj", "{1566F3F3-FD20-4014-BECB-A22FDFD9D785}"
EndProject
Project("{FAE04EC0-301F-11D3-BF4B-00C04F79EFBC}") = "ReadinessWeb", "ReadinessWeb\ReadinessWeb.csproj", "{387E9B8D-7EE8-4FF3-95D1-58F338056869}"
EndProject
Project("{2150E333-8FDC-42A3-9474-1A3956D46DE8}") = "10 Presentation Layer", "10 Presentation Layer", "{3139CC6D-F4AF-445F-A57E-52FFC8691D45}"
EndProject
Project("{2150E333-8FDC-42A3-9474-1A3956D46DE8}") = "00 Service Fabric", "00 Service Fabric", "{0A8B0284-9204-451D-B4C9-153C1392A52F}"
EndProject
Project("{2150E333-8FDC-42A3-9474-1A3956D46DE8}") = "40 Data Layer", "40 Data Layer", "{DD1735E1-D643-406C-8C4F-C77ECD897B3F}"
EndProject
Project("{2150E333-8FDC-42A3-9474-1A3956D46DE8}") = "20 Business Layer", "20 Business Layer", "{E36FD9E9-A753-4CDC-B566-EFE6F4D227E9}"
EndProject
Project("{2150E333-8FDC-42A3-9474-1A3956D46DE8}") = "30 Domain Layer", "30 Domain Layer", "{887982DA-BFD6-481D-94CE-5E1B9D6173BF}"
EndProject
Project("{FAE04EC0-301F-11D3-BF4B-00C04F79EFBC}") = "DxReadinessSolution.Business", "DxReadinessSolution.Business\DxReadinessSolution.Business.csproj", "{6ADD7043-CEA3-458F-9814-A6DA7E42167F}"
EndProject
Project("{FAE04EC0-301F-11D3-BF4B-00C04F79EFBC}") = "DxReadinessSolution.Domain", "DxReadinessSolution.Domain\DxReadinessSolution.Domain.csproj", "{A68C1CC3-BF4B-423C-B325-0D50706AF7CE}"
EndProject
Project("{FAE04EC0-301F-11D3-BF4B-00C04F79EFBC}") = "DxReadinessSolution.Fakes", "DxReadinessSolution.Fakes\DxReadinessSolution.Fakes.csproj", "{D3C0C59C-A492-419A-82E8-F456B3D3D948}"
EndProject
Project("{FAE04EC0-301F-11D3-BF4B-00C04F79EFBC}") = "DxReadinessSolution.Data.ImageRecognition", "DxReadinessSolution.Data.ImageRecognition\DxReadinessSolution.Data.ImageRecognition.csproj", "{00D4AF6B-EFEC-429A-8D28-D733E9A88AF3}"
EndProject
Project("{2150E333-8FDC-42A3-9474-1A3956D46DE8}") = "10 WebSite", "10 WebSite", "{9B2D3033-CB62-425A-A433-B1F3286AE144}"
EndProject
Project("{2150E333-8FDC-42A3-9474-1A3956D46DE8}") = "20 API", "20 API", "{055D7C52-4B97-4012-891F-9AAA6DB9BFF8}"
EndProject
Project("{FAE04EC0-301F-11D3-BF4B-00C04F79EFBC}") = "ImageAnalysisActor", "ImageAnalysisActor\ImageAnalysisActor.csproj", "{91577A83-FB42-4807-A048-4DCB0AD83922}"
EndProject
Project("{FAE04EC0-301F-11D3-BF4B-00C04F79EFBC}") = "ImageAnalysisActor.Interfaces", "ImageAnalysisActor.Interfaces\ImageAnalysisActor.Interfaces.csproj", "{856D8E3D-D71F-4FFF-B64D-AE6D95CA1E64}"
EndProject
Project("{FAE04EC0-301F-11D3-BF4B-00C04F79EFBC}") = "DxReadinessSolution.Data.ImageRecognition.Test", "DxReadinessSolution.Data.ImageRecognition.Test\DxReadinessSolution.Data.ImageRecognition.Test.csproj", "{3E7D6E31-A977-4013-AD52-4ED5A02A5A28}"
EndProject
Global
	GlobalSection(SolutionConfigurationPlatforms) = preSolution
		Debug|Any CPU = Debug|Any CPU
		Debug|x64 = Debug|x64
		Release|Any CPU = Release|Any CPU
		Release|x64 = Release|x64
	EndGlobalSection
	GlobalSection(ProjectConfigurationPlatforms) = postSolution
		{1566F3F3-FD20-4014-BECB-A22FDFD9D785}.Debug|Any CPU.ActiveCfg = Debug|x64
		{1566F3F3-FD20-4014-BECB-A22FDFD9D785}.Debug|x64.ActiveCfg = Debug|x64
		{1566F3F3-FD20-4014-BECB-A22FDFD9D785}.Debug|x64.Build.0 = Debug|x64
		{1566F3F3-FD20-4014-BECB-A22FDFD9D785}.Debug|x64.Deploy.0 = Debug|x64
		{1566F3F3-FD20-4014-BECB-A22FDFD9D785}.Release|Any CPU.ActiveCfg = Release|x64
		{1566F3F3-FD20-4014-BECB-A22FDFD9D785}.Release|x64.ActiveCfg = Release|x64
		{1566F3F3-FD20-4014-BECB-A22FDFD9D785}.Release|x64.Build.0 = Release|x64
		{1566F3F3-FD20-4014-BECB-A22FDFD9D785}.Release|x64.Deploy.0 = Release|x64
		{387E9B8D-7EE8-4FF3-95D1-58F338056869}.Debug|Any CPU.ActiveCfg = Debug|x64
		{387E9B8D-7EE8-4FF3-95D1-58F338056869}.Debug|x64.ActiveCfg = Debug|x64
		{387E9B8D-7EE8-4FF3-95D1-58F338056869}.Debug|x64.Build.0 = Debug|x64
		{387E9B8D-7EE8-4FF3-95D1-58F338056869}.Release|Any CPU.ActiveCfg = Release|x64
		{387E9B8D-7EE8-4FF3-95D1-58F338056869}.Release|x64.ActiveCfg = Release|x64
		{387E9B8D-7EE8-4FF3-95D1-58F338056869}.Release|x64.Build.0 = Release|x64
		{6ADD7043-CEA3-458F-9814-A6DA7E42167F}.Debug|Any CPU.ActiveCfg = Debug|Any CPU
		{6ADD7043-CEA3-458F-9814-A6DA7E42167F}.Debug|Any CPU.Build.0 = Debug|Any CPU
		{6ADD7043-CEA3-458F-9814-A6DA7E42167F}.Debug|x64.ActiveCfg = Debug|Any CPU
		{6ADD7043-CEA3-458F-9814-A6DA7E42167F}.Debug|x64.Build.0 = Debug|Any CPU
		{6ADD7043-CEA3-458F-9814-A6DA7E42167F}.Release|Any CPU.ActiveCfg = Release|Any CPU
		{6ADD7043-CEA3-458F-9814-A6DA7E42167F}.Release|Any CPU.Build.0 = Release|Any CPU
		{6ADD7043-CEA3-458F-9814-A6DA7E42167F}.Release|x64.ActiveCfg = Release|Any CPU
		{6ADD7043-CEA3-458F-9814-A6DA7E42167F}.Release|x64.Build.0 = Release|Any CPU
		{A68C1CC3-BF4B-423C-B325-0D50706AF7CE}.Debug|Any CPU.ActiveCfg = Debug|Any CPU
		{A68C1CC3-BF4B-423C-B325-0D50706AF7CE}.Debug|Any CPU.Build.0 = Debug|Any CPU
		{A68C1CC3-BF4B-423C-B325-0D50706AF7CE}.Debug|x64.ActiveCfg = Debug|Any CPU
		{A68C1CC3-BF4B-423C-B325-0D50706AF7CE}.Debug|x64.Build.0 = Debug|Any CPU
		{A68C1CC3-BF4B-423C-B325-0D50706AF7CE}.Release|Any CPU.ActiveCfg = Release|Any CPU
		{A68C1CC3-BF4B-423C-B325-0D50706AF7CE}.Release|Any CPU.Build.0 = Release|Any CPU
		{A68C1CC3-BF4B-423C-B325-0D50706AF7CE}.Release|x64.ActiveCfg = Release|Any CPU
		{A68C1CC3-BF4B-423C-B325-0D50706AF7CE}.Release|x64.Build.0 = Release|Any CPU
		{D3C0C59C-A492-419A-82E8-F456B3D3D948}.Debug|Any CPU.ActiveCfg = Debug|Any CPU
		{D3C0C59C-A492-419A-82E8-F456B3D3D948}.Debug|Any CPU.Build.0 = Debug|Any CPU
		{D3C0C59C-A492-419A-82E8-F456B3D3D948}.Debug|x64.ActiveCfg = Debug|Any CPU
		{D3C0C59C-A492-419A-82E8-F456B3D3D948}.Debug|x64.Build.0 = Debug|Any CPU
		{D3C0C59C-A492-419A-82E8-F456B3D3D948}.Release|Any CPU.ActiveCfg = Release|Any CPU
		{D3C0C59C-A492-419A-82E8-F456B3D3D948}.Release|Any CPU.Build.0 = Release|Any CPU
		{D3C0C59C-A492-419A-82E8-F456B3D3D948}.Release|x64.ActiveCfg = Release|Any CPU
		{D3C0C59C-A492-419A-82E8-F456B3D3D948}.Release|x64.Build.0 = Release|Any CPU
		{00D4AF6B-EFEC-429A-8D28-D733E9A88AF3}.Debug|Any CPU.ActiveCfg = Debug|Any CPU
		{00D4AF6B-EFEC-429A-8D28-D733E9A88AF3}.Debug|Any CPU.Build.0 = Debug|Any CPU
		{00D4AF6B-EFEC-429A-8D28-D733E9A88AF3}.Debug|x64.ActiveCfg = Debug|Any CPU
		{00D4AF6B-EFEC-429A-8D28-D733E9A88AF3}.Debug|x64.Build.0 = Debug|Any CPU
		{00D4AF6B-EFEC-429A-8D28-D733E9A88AF3}.Release|Any CPU.ActiveCfg = Release|Any CPU
		{00D4AF6B-EFEC-429A-8D28-D733E9A88AF3}.Release|Any CPU.Build.0 = Release|Any CPU
		{00D4AF6B-EFEC-429A-8D28-D733E9A88AF3}.Release|x64.ActiveCfg = Release|Any CPU
		{00D4AF6B-EFEC-429A-8D28-D733E9A88AF3}.Release|x64.Build.0 = Release|Any CPU
		{91577A83-FB42-4807-A048-4DCB0AD83922}.Debug|Any CPU.ActiveCfg = Debug|x64
		{91577A83-FB42-4807-A048-4DCB0AD83922}.Debug|x64.ActiveCfg = Debug|x64
		{91577A83-FB42-4807-A048-4DCB0AD83922}.Debug|x64.Build.0 = Debug|x64
		{91577A83-FB42-4807-A048-4DCB0AD83922}.Release|Any CPU.ActiveCfg = Release|x64
		{91577A83-FB42-4807-A048-4DCB0AD83922}.Release|x64.ActiveCfg = Release|x64
		{91577A83-FB42-4807-A048-4DCB0AD83922}.Release|x64.Build.0 = Release|x64
		{856D8E3D-D71F-4FFF-B64D-AE6D95CA1E64}.Debug|Any CPU.ActiveCfg = Debug|x64
		{856D8E3D-D71F-4FFF-B64D-AE6D95CA1E64}.Debug|x64.ActiveCfg = Debug|x64
		{856D8E3D-D71F-4FFF-B64D-AE6D95CA1E64}.Debug|x64.Build.0 = Debug|x64
		{856D8E3D-D71F-4FFF-B64D-AE6D95CA1E64}.Release|Any CPU.ActiveCfg = Release|x64
		{856D8E3D-D71F-4FFF-B64D-AE6D95CA1E64}.Release|x64.ActiveCfg = Release|x64
		{856D8E3D-D71F-4FFF-B64D-AE6D95CA1E64}.Release|x64.Build.0 = Release|x64
		{3E7D6E31-A977-4013-AD52-4ED5A02A5A28}.Debug|Any CPU.ActiveCfg = Debug|Any CPU
		{3E7D6E31-A977-4013-AD52-4ED5A02A5A28}.Debug|Any CPU.Build.0 = Debug|Any CPU
		{3E7D6E31-A977-4013-AD52-4ED5A02A5A28}.Debug|x64.ActiveCfg = Debug|Any CPU
		{3E7D6E31-A977-4013-AD52-4ED5A02A5A28}.Debug|x64.Build.0 = Debug|Any CPU
		{3E7D6E31-A977-4013-AD52-4ED5A02A5A28}.Release|Any CPU.ActiveCfg = Release|Any CPU
		{3E7D6E31-A977-4013-AD52-4ED5A02A5A28}.Release|Any CPU.Build.0 = Release|Any CPU
		{3E7D6E31-A977-4013-AD52-4ED5A02A5A28}.Release|x64.ActiveCfg = Release|Any CPU
		{3E7D6E31-A977-4013-AD52-4ED5A02A5A28}.Release|x64.Build.0 = Release|Any CPU
	EndGlobalSection
	GlobalSection(SolutionProperties) = preSolution
		HideSolutionNode = FALSE
	EndGlobalSection
	GlobalSection(NestedProjects) = preSolution
		{1566F3F3-FD20-4014-BECB-A22FDFD9D785} = {0A8B0284-9204-451D-B4C9-153C1392A52F}
		{387E9B8D-7EE8-4FF3-95D1-58F338056869} = {9B2D3033-CB62-425A-A433-B1F3286AE144}
		{6ADD7043-CEA3-458F-9814-A6DA7E42167F} = {E36FD9E9-A753-4CDC-B566-EFE6F4D227E9}
		{A68C1CC3-BF4B-423C-B325-0D50706AF7CE} = {887982DA-BFD6-481D-94CE-5E1B9D6173BF}
		{D3C0C59C-A492-419A-82E8-F456B3D3D948} = {DD1735E1-D643-406C-8C4F-C77ECD897B3F}
		{00D4AF6B-EFEC-429A-8D28-D733E9A88AF3} = {DD1735E1-D643-406C-8C4F-C77ECD897B3F}
		{9B2D3033-CB62-425A-A433-B1F3286AE144} = {3139CC6D-F4AF-445F-A57E-52FFC8691D45}
		{055D7C52-4B97-4012-891F-9AAA6DB9BFF8} = {3139CC6D-F4AF-445F-A57E-52FFC8691D45}
		{91577A83-FB42-4807-A048-4DCB0AD83922} = {055D7C52-4B97-4012-891F-9AAA6DB9BFF8}
		{856D8E3D-D71F-4FFF-B64D-AE6D95CA1E64} = {055D7C52-4B97-4012-891F-9AAA6DB9BFF8}
		{3E7D6E31-A977-4013-AD52-4ED5A02A5A28} = {DD1735E1-D643-406C-8C4F-C77ECD897B3F}
	EndGlobalSection
EndGlobal
